
Microsoft Visual Studio Solution File, Format Version 12.00
# Visual Studio 14
VisualStudioVersion = 14.0.25420.1
MinimumVisualStudioVersion = 10.0.40219.1
Project("{FAE04EC0-301F-11D3-BF4B-00C04F79EFBC}") = "HCR_ServiceReminder_CD2", "HCR_ServiceReminder_CD2\HCR_ServiceReminder_CD2.csproj", "{68D53C60-F74F-4E7F-809C-7F7FC0D4738C}"
EndProject
Project("{FAE04EC0-301F-11D3-BF4B-00C04F79EFBC}") = "HCR_ServiceReminder_CD2.Data", "HCR_ServiceReminder_CD2.Data\HCR_ServiceReminder_CD2.Data.csproj", "{992DA754-4B91-4B7B-B306-922F2E881468}"
EndProject
Project("{FAE04EC0-301F-11D3-BF4B-00C04F79EFBC}") = "HCR_ServiceReminder_CD2.Model", "HCR_ServiceReminder_CD2.Model\HCR_ServiceReminder_CD2.Model.csproj", "{4CFAE37A-8357-4607-94F9-D1F20B963F62}"
EndProject
Project("{FAE04EC0-301F-11D3-BF4B-00C04F79EFBC}") = "HCR_ServiceReminder_CD2.Business", "HCR_ServiceReminder_CD2.Business\HCR_ServiceReminder_CD2.Business.csproj", "{59D10A32-2CCC-4D33-B670-6C1170606023}"
EndProject
Project("{FAE04EC0-301F-11D3-BF4B-00C04F79EFBC}") = "HCR_ServiceReminder_CD2.Common", "HCR_ServiceReminder_CD2.Common\HCR_ServiceReminder_CD2.Common.csproj", "{8C443375-C129-4BA4-B04B-C73E1EBAB870}"
EndProject
Global
	GlobalSection(SolutionConfigurationPlatforms) = preSolution
		Debug|Any CPU = Debug|Any CPU
		Release|Any CPU = Release|Any CPU
	EndGlobalSection
	GlobalSection(ProjectConfigurationPlatforms) = postSolution
		{68D53C60-F74F-4E7F-809C-7F7FC0D4738C}.Debug|Any CPU.ActiveCfg = Debug|Any CPU
		{68D53C60-F74F-4E7F-809C-7F7FC0D4738C}.Debug|Any CPU.Build.0 = Debug|Any CPU
		{68D53C60-F74F-4E7F-809C-7F7FC0D4738C}.Release|Any CPU.ActiveCfg = Release|Any CPU
		{68D53C60-F74F-4E7F-809C-7F7FC0D4738C}.Release|Any CPU.Build.0 = Release|Any CPU
		{992DA754-4B91-4B7B-B306-922F2E881468}.Debug|Any CPU.ActiveCfg = Debug|Any CPU
		{992DA754-4B91-4B7B-B306-922F2E881468}.Debug|Any CPU.Build.0 = Debug|Any CPU
		{992DA754-4B91-4B7B-B306-922F2E881468}.Release|Any CPU.ActiveCfg = Release|Any CPU
		{992DA754-4B91-4B7B-B306-922F2E881468}.Release|Any CPU.Build.0 = Release|Any CPU
		{4CFAE37A-8357-4607-94F9-D1F20B963F62}.Debug|Any CPU.ActiveCfg = Debug|Any CPU
		{4CFAE37A-8357-4607-94F9-D1F20B963F62}.Debug|Any CPU.Build.0 = Debug|Any CPU
		{4CFAE37A-8357-4607-94F9-D1F20B963F62}.Release|Any CPU.ActiveCfg = Release|Any CPU
		{4CFAE37A-8357-4607-94F9-D1F20B963F62}.Release|Any CPU.Build.0 = Release|Any CPU
		{59D10A32-2CCC-4D33-B670-6C1170606023}.Debug|Any CPU.ActiveCfg = Debug|Any CPU
		{59D10A32-2CCC-4D33-B670-6C1170606023}.Debug|Any CPU.Build.0 = Debug|Any CPU
		{59D10A32-2CCC-4D33-B670-6C1170606023}.Release|Any CPU.ActiveCfg = Release|Any CPU
		{59D10A32-2CCC-4D33-B670-6C1170606023}.Release|Any CPU.Build.0 = Release|Any CPU
		{8C443375-C129-4BA4-B04B-C73E1EBAB870}.Debug|Any CPU.ActiveCfg = Debug|Any CPU
		{8C443375-C129-4BA4-B04B-C73E1EBAB870}.Debug|Any CPU.Build.0 = Debug|Any CPU
		{8C443375-C129-4BA4-B04B-C73E1EBAB870}.Release|Any CPU.ActiveCfg = Release|Any CPU
		{8C443375-C129-4BA4-B04B-C73E1EBAB870}.Release|Any CPU.Build.0 = Release|Any CPU
	EndGlobalSection
	GlobalSection(SolutionProperties) = preSolution
		HideSolutionNode = FALSE
	EndGlobalSection
EndGlobal
